
Microsoft Visual Studio Solution File, Format Version 12.00
# Visual Studio Version 17
VisualStudioVersion = 17.14.36811.4 d17.14
MinimumVisualStudioVersion = 10.0.40219.1
Project("{FAE04EC0-301F-11D3-BF4B-00C04F79EFBC}") = "PaintMixer.Api", "PaintMixer.Api\PaintMixer.Api.csproj", "{5C96C43F-223F-43C9-8647-F23A5C7050F4}"
EndProject
Project("{FAE04EC0-301F-11D3-BF4B-00C04F79EFBC}") = "PaintMixer.Api.Tests", "PaintMixer.Api.Tests\PaintMixer.Api.Tests.csproj", "{EC2036A5-6495-4611-936C-773CCE30D7F6}"
EndProject
Global
	GlobalSection(SolutionConfigurationPlatforms) = preSolution
		Debug|Any CPU = Debug|Any CPU
		Release|Any CPU = Release|Any CPU
	EndGlobalSection
	GlobalSection(ProjectConfigurationPlatforms) = postSolution
		{5C96C43F-223F-43C9-8647-F23A5C7050F4}.Debug|Any CPU.ActiveCfg = Debug|Any CPU
		{5C96C43F-223F-43C9-8647-F23A5C7050F4}.Debug|Any CPU.Build.0 = Debug|Any CPU
		{5C96C43F-223F-43C9-8647-F23A5C7050F4}.Release|Any CPU.ActiveCfg = Release|Any CPU
		{5C96C43F-223F-43C9-8647-F23A5C7050F4}.Release|Any CPU.Build.0 = Release|Any CPU
		{EC2036A5-6495-4611-936C-773CCE30D7F6}.Debug|Any CPU.ActiveCfg = Debug|Any CPU
		{EC2036A5-6495-4611-936C-773CCE30D7F6}.Debug|Any CPU.Build.0 = Debug|Any CPU
		{EC2036A5-6495-4611-936C-773CCE30D7F6}.Release|Any CPU.ActiveCfg = Release|Any CPU
		{EC2036A5-6495-4611-936C-773CCE30D7F6}.Release|Any CPU.Build.0 = Release|Any CPU
	EndGlobalSection
	GlobalSection(SolutionProperties) = preSolution
		HideSolutionNode = FALSE
	EndGlobalSection
	GlobalSection(ExtensibilityGlobals) = postSolution
		SolutionGuid = {9ACA337A-961B-463A-ABAC-B1A895122F49}
	EndGlobalSection
EndGlobal
